
Microsoft Visual Studio Solution File, Format Version 12.00
Project("{FAE04EC0-301F-11D3-BF4B-00C04F79EFBC}") = "FortniteAPI-Wrapper", "FortniteAPI-Wrapper\FortniteAPI-Wrapper.csproj", "{4DD9B9E1-200D-44BA-B56E-514F8711C895}"
EndProject
Global
	GlobalSection(SolutionConfigurationPlatforms) = preSolution
		Debug|Any CPU = Debug|Any CPU
		Release|Any CPU = Release|Any CPU
	EndGlobalSection
	GlobalSection(ProjectConfigurationPlatforms) = postSolution
		{4DD9B9E1-200D-44BA-B56E-514F8711C895}.Debug|Any CPU.ActiveCfg = Debug|Any CPU
		{4DD9B9E1-200D-44BA-B56E-514F8711C895}.Debug|Any CPU.Build.0 = Debug|Any CPU
		{4DD9B9E1-200D-44BA-B56E-514F8711C895}.Release|Any CPU.ActiveCfg = Release|Any CPU
		{4DD9B9E1-200D-44BA-B56E-514F8711C895}.Release|Any CPU.Build.0 = Release|Any CPU
	EndGlobalSection
EndGlobal
